github.com/gomarkdown/markdown v0.0.0-20250207164621-7a1f277a159e h1:ESHlT0RVZphh4JGBz49I5R6nTdC8Qyc08vU25GQHzzQ=
github.com/gomarkdown/markdown v0.0.0-20250207164621-7a1f277a159e/go.mod h1:JDGcbDT52eL4fju3sZ4TeHGsQwhG9nbDV21aMyhwPoA=
github.com/google/uuid v1.6.0 h1:NIvaJDMOsjHA8n1jAhLSgzrAzy1Hgr+hNrb57e+94F0=
github.com/google/uuid v1.6.0/go.mod h1:TIyPZe4MgqvfeYDBFedMoGGpEw/LqOeaOT+nhxU+yHo=
